// !$*UTF8*$!
{
	archiveVersion = 1;
	classes = {
	};
	objectVersion = 46;
	objects = {

/* Begin PBXBuildFile section */
		65339A571B312BA8007CE62E /* main.m in Sources */ = {isa = PBXBuildFile; fileRef = 65339A561B312BA8007CE62E /* main.m */; };
		65339A5A1B312BA8007CE62E /* AppDelegate.m in Sources */ = {isa = PBXBuildFile; fileRef = 65339A591B312BA8007CE62E /* AppDelegate.m */; };
		65339A5D1B312BA8007CE62E /* Day_4_Photo_Bombers_App.xcdatamodeld in Sources */ = {isa = PBXBuildFile; fileRef = 65339A5B1B312BA8007CE62E /* Day_4_Photo_Bombers_App.xcdatamodeld */; };
		65339A601B312BA8007CE62E /* ViewController.m in Sources */ = {isa = PBXBuildFile; fileRef = 65339A5F1B312BA8007CE62E /* ViewController.m */; };
		65339A631B312BA8007CE62E /* Main.storyboard in Resources */ = {isa = PBXBuildFile; fileRef = 65339A611B312BA8007CE62E /* Main.storyboard */; };
		65339A651B312BA8007CE62E /* Images.xcassets in Resources */ = {isa = PBXBuildFile; fileRef = 65339A641B312BA8007CE62E /* Images.xcassets */; };
		65339A681B312BA8007CE62E /* LaunchScreen.xib in Resources */ = {isa = PBXBuildFile; fileRef = 65339A661B312BA8007CE62E /* LaunchScreen.xib */; };
		65339A741B312BA8007CE62E /* Day_4_Photo_Bombers_AppTests.m in Sources */ = {isa = PBXBuildFile; fileRef = 65339A731B312BA8007CE62E /* Day_4_Photo_Bombers_AppTests.m */; };
		65339A7F1B313E2B007CE62E /* PhotoCollectionViewCell.m in Sources */ = {isa = PBXBuildFile; fileRef = 65339A7E1B313E2B007CE62E /* PhotoCollectionViewCell.m */; };
		65339A811B31424A007CE62E /* car_image.jpg in Resources */ = {isa = PBXBuildFile; fileRef = 65339A801B31424A007CE62E /* car_image.jpg */; };
/* End PBXBuildFile section */

/* Begin PBXContainerItemProxy section */
		65339A6E1B312BA8007CE62E /* PBXContainerItemProxy */ = {
			isa = PBXContainerItemProxy;
			containerPortal = 65339A491B312BA8007CE62E /* Project object */;
			proxyType = 1;
			remoteGlobalIDString = 65339A501B312BA8007CE62E;
			remoteInfo = "Day 4 Photo Bombers App";
		};
/* End PBXContainerItemProxy section */

/* Begin PBXFileReference section */
		65339A511B312BA8007CE62E /* Day 4 Photo Bombers App.app */ = {isa = PBXFileReference; explicitFileType = wrapper.application; includeInIndex = 0; path = "Day 4 Photo Bombers App.app"; sourceTree = BUILT_PRODUCTS_DIR; };
		65339A551B312BA8007CE62E /* Info.plist */ = {isa = PBXFileReference; lastKnownFileType = text.plist.xml; path = Info.plist; sourceTree = "<group>"; };
		65339A561B312BA8007CE62E /* main.m */ = {isa = PBXFileReference; lastKnownFileType = sourcecode.c.objc; path = main.m; sourceTree = "<group>"; };
		65339A581B312BA8007CE62E /* AppDelegate.h */ = {isa = PBXFileReference; lastKnownFileType = sourcecode.c.h; path = AppDelegate.h; sourceTree = "<group>"; };
		65339A591B312BA8007CE62E /* AppDelegate.m */ = {isa = PBXFileReference; lastKnownFileType = sourcecode.c.objc; path = AppDelegate.m; sourceTree = "<group>"; };
		65339A5C1B312BA8007CE62E /* Day_4_Photo_Bombers_App.xcdatamodel */ = {isa = PBXFileReference; lastKnownFileType = wrapper.xcdatamodel; path = Day_4_Photo_Bombers_App.xcdatamodel; sourceTree = "<group>"; };
		65339A5E1B312BA8007CE62E /* ViewController.h */ = {isa = PBXFileReference; lastKnownFileType = sourcecode.c.h; path = ViewController.h; sourceTree = "<group>"; };
		65339A5F1B312BA8007CE62E /* ViewController.m */ = {isa = PBXFileReference; lastKnownFileType = sourcecode.c.objc; path = ViewController.m; sourceTree = "<group>"; };
		65339A621B312BA8007CE62E /* Base */ = {isa = PBXFileReference; lastKnownFileType = file.storyboard; name = Base; path = Base.lproj/Main.storyboard; sourceTree = "<group>"; };
		65339A641B312BA8007CE62E /* Images.xcassets */ = {isa = PBXFileReference; lastKnownFileType = folder.assetcatalog; path = Images.xcassets; sourceTree = "<group>"; };
		65339A671B312BA8007CE62E /* Base */ = {isa = PBXFileReference; lastKnownFileType = file.xib; name = Base; path = Base.lproj/LaunchScreen.xib; sourceTree = "<group>"; };
		65339A6D1B312BA8007CE62E /* Day 4 Photo Bombers AppTests.xctest */ = {isa = PBXFileReference; explicitFileType = wrapper.cfbundle; includeInIndex = 0; path = "Day 4 Photo Bombers AppTests.xctest"; sourceTree = BUILT_PRODUCTS_DIR; };
		65339A721B312BA8007CE62E /* Info.plist */ = {isa = PBXFileReference; lastKnownFileType = text.plist.xml; path = Info.plist; sourceTree = "<group>"; };
		65339A731B312BA8007CE62E /* Day_4_Photo_Bombers_AppTests.m */ = {isa = PBXFileReference; lastKnownFileType = sourcecode.c.objc; path = Day_4_Photo_Bombers_AppTests.m; sourceTree = "<group>"; };
		65339A7D1B313E2B007CE62E /* PhotoCollectionViewCell.h */ = {isa = PBXFileReference; fileEncoding = 4; lastKnownFileType = sourcecode.c.h; path = PhotoCollectionViewCell.h; sourceTree = "<group>"; };
		65339A7E1B313E2B007CE62E /* PhotoCollectionViewCell.m */ = {isa = PBXFileReference; fileEncoding = 4; lastKnownFileType = sourcecode.c.objc; path = PhotoCollectionViewCell.m; sourceTree = "<group>"; };
		65339A801B31424A007CE62E /* car_image.jpg */ = {isa = PBXFileReference; lastKnownFileType = image.jpeg; name = car_image.jpg; path = ../../car_image.jpg; sourceTree = "<group>"; };
/* End PBXFileReference section */

/* Begin PBXFrameworksBuildPhase section */
		65339A4E1B312BA8007CE62E /* Frameworks */ = {
			isa = PBXFrameworksBuildPhase;
			buildActionMask = 2147483647;
			files = (
			);
			runOnlyForDeploymentPostprocessing = 0;
		};
		65339A6A1B312BA8007CE62E /* Frameworks */ = {
			isa = PBXFrameworksBuildPhase;
			buildActionMask = 2147483647;
			files = (
			);
			runOnlyForDeploymentPostprocessing = 0;
		};
/* End PBXFrameworksBuildPhase section */

/* Begin PBXGroup section */
		65339A481B312BA8007CE62E = {
			isa = PBXGroup;
			children = (
				65339A531B312BA8007CE62E /* Day 4 Photo Bombers App */,
				65339A701B312BA8007CE62E /* Day 4 Photo Bombers AppTests */,
				65339A521B312BA8007CE62E /* Products */,
			);
			sourceTree = "<group>";
		};
		65339A521B312BA8007CE62E /* Products */ = {
			isa = PBXGroup;
			children = (
				65339A511B312BA8007CE62E /* Day 4 Photo Bombers App.app */,
				65339A6D1B312BA8007CE62E /* Day 4 Photo Bombers AppTests.xctest */,
			);
			name = Products;
			sourceTree = "<group>";
		};
		65339A531B312BA8007CE62E /* Day 4 Photo Bombers App */ = {
			isa = PBXGroup;
			children = (
				65339A581B312BA8007CE62E /* AppDelegate.h */,
				65339A591B312BA8007CE62E /* AppDelegate.m */,
				65339A5E1B312BA8007CE62E /* ViewController.h */,
				65339A5F1B312BA8007CE62E /* ViewController.m */,
				65339A7D1B313E2B007CE62E /* PhotoCollectionViewCell.h */,
				65339A7E1B313E2B007CE62E /* PhotoCollectionViewCell.m */,
				65339A611B312BA8007CE62E /* Main.storyboard */,
				65339A641B312BA8007CE62E /* Images.xcassets */,
				65339A661B312BA8007CE62E /* LaunchScreen.xib */,
				65339A5B1B312BA8007CE62E /* Day_4_Photo_Bombers_App.xcdatamodeld */,
				65339A541B312BA8007CE62E /* Supporting Files */,
			);
			path = "Day 4 Photo Bombers App";
			sourceTree = "<group>";
		};
		65339A541B312BA8007CE62E /* Supporting Files */ = {
			isa = PBXGroup;
			children = (
				65339A801B31424A007CE62E /* car_image.jpg */,
				65339A551B312BA8007CE62E /* Info.plist */,
				65339A561B312BA8007CE62E /* main.m */,
			);
			name = "Supporting Files";
			sourceTree = "<group>";
		};
		65339A701B312BA8007CE62E /* Day 4 Photo Bombers AppTests */ = {
			isa = PBXGroup;
			children = (
				65339A731B312BA8007CE62E /* Day_4_Photo_Bombers_AppTests.m */,
				65339A711B312BA8007CE62E /* Supporting Files */,
			);
			path = "Day 4 Photo Bombers AppTests";
			sourceTree = "<group>";
		};
		65339A711B312BA8007CE62E /* Supporting Files */ = {
			isa = PBXGroup;
			children = (
				65339A721B312BA8007CE62E /* Info.plist */,
			);
			name = "Supporting Files";
			sourceTree = "<group>";
		};
/* End PBXGroup section */

/* Begin PBXNativeTarget section */
		65339A501B312BA8007CE62E /* Day 4 Photo Bombers App */ = {
			isa = PBXNativeTarget;
			buildConfigurationList = 65339A771B312BA8007CE62E /* Build configuration list for PBXNativeTarget "Day 4 Photo Bombers App" */;
			buildPhases = (
				65339A4D1B312BA8007CE62E /* Sources */,
				65339A4E1B312BA8007CE62E /* Frameworks */,
				65339A4F1B312BA8007CE62E /* Resources */,
			);
			buildRules = (
			);
			dependencies = (
			);
			name = "Day 4 Photo Bombers App";
			productName = "Day 4 Photo Bombers App";
			productReference = 65339A511B312BA8007CE62E /* Day 4 Photo Bombers App.app */;
			productType = "com.apple.product-type.application";
		};
		65339A6C1B312BA8007CE62E /* Day 4 Photo Bombers AppTests */ = {
			isa = PBXNativeTarget;
			buildConfigurationList = 65339A7A1B312BA8007CE62E /* Build configuration list for PBXNativeTarget "Day 4 Photo Bombers AppTests" */;
			buildPhases = (
				65339A691B312BA8007CE62E /* Sources */,
				65339A6A1B312BA8007CE62E /* Frameworks */,
				65339A6B1B312BA8007CE62E /* Resources */,
			);
			buildRules = (
			);
			dependencies = (
				65339A6F1B312BA8007CE62E /* PBXTargetDependency */,
			);
			name = "Day 4 Photo Bombers AppTests";
			productName = "Day 4 Photo Bombers AppTests";
			productReference = 65339A6D1B312BA8007CE62E /* Day 4 Photo Bombers AppTests.xctest */;
			productType = "com.apple.product-type.bundle.unit-test";
		};
/* End PBXNativeTarget section */

/* Begin PBXProject section */
		65339A491B312BA8007CE62E /* Project object */ = {
			isa = PBXProject;
			attributes = {
				LastUpgradeCheck = 0630;
				ORGANIZATIONNAME = "Tanya Pak";
				TargetAttributes = {
					65339A501B312BA8007CE62E = {
						CreatedOnToolsVersion = 6.3.2;
					};
					65339A6C1B312BA8007CE62E = {
						CreatedOnToolsVersion = 6.3.2;
						TestTargetID = 65339A501B312BA8007CE62E;
					};
				};
			};
			buildConfigurationList = 65339A4C1B312BA8007CE62E /* Build configuration list for PBXProject "Day 4 Photo Bombers App" */;
			compatibilityVersion = "Xcode 3.2";
			developmentRegion = English;
			hasScannedForEncodings = 0;
			knownRegions = (
				en,
				Base,
			);
			mainGroup = 65339A481B312BA8007CE62E;
			productRefGroup = 65339A521B312BA8007CE62E /* Products */;
			projectDirPath = "";
			projectRoot = "";
			targets = (
				65339A501B312BA8007CE62E /* Day 4 Photo Bombers App */,
				65339A6C1B312BA8007CE62E /* Day 4 Photo Bombers AppTests */,
			);
		};
/* End PBXProject section */

/* Begin PBXResourcesBuildPhase section */
		65339A4F1B312BA8007CE62E /* Resources */ = {
			isa = PBXResourcesBuildPhase;
			buildActionMask = 2147483647;
			files = (
				65339A811B31424A007CE62E /* car_image.jpg in Resources */,
				65339A631B312BA8007CE62E /* Main.storyboard in Resources */,
				65339A681B312BA8007CE62E /* LaunchScreen.xib in Resources */,
				65339A651B312BA8007CE62E /* Images.xcassets in Resources */,
			);
			runOnlyForDeploymentPostprocessing = 0;
		};
		65339A6B1B312BA8007CE62E /* Resources */ = {
			isa = PBXResourcesBuildPhase;
			buildActionMask = 2147483647;
			files = (
			);
			runOnlyForDeploymentPostprocessing = 0;
		};
/* End PBXResourcesBuildPhase section */

/* Begin PBXSourcesBuildPhase section */
		65339A4D1B312BA8007CE62E /* Sources */ = {
			isa = PBXSourcesBuildPhase;
			buildActionMask = 2147483647;
			files = (
				65339A5A1B312BA8007CE62E /* AppDelegate.m in Sources */,
				65339A5D1B312BA8007CE62E /* Day_4_Photo_Bombers_App.xcdatamodeld in Sources */,
				65339A601B312BA8007CE62E /* ViewController.m in Sources */,
				65339A7F1B313E2B007CE62E /* PhotoCollectionViewCell.m in Sources */,
				65339A571B312BA8007CE62E /* main.m in Sources */,
			);
			runOnlyForDeploymentPostprocessing = 0;
		};
		65339A691B312BA8007CE62E /* Sources */ = {
			isa = PBXSourcesBuildPhase;
			buildActionMask = 2147483647;
			files = (
				65339A741B312BA8007CE62E /* Day_4_Photo_Bombers_AppTests.m in Sources */,
			);
			runOnlyForDeploymentPostprocessing = 0;
		};
/* End PBXSourcesBuildPhase section */

/* Begin PBXTargetDependency section */
		65339A6F1B312BA8007CE62E /* PBXTargetDependency */ = {
			isa = PBXTargetDependency;
			target = 65339A501B312BA8007CE62E /* Day 4 Photo Bombers App */;
			targetProxy = 65339A6E1B312BA8007CE62E /* PBXContainerItemProxy */;
		};
/* End PBXTargetDependency section */

/* Begin PBXVariantGroup section */
		65339A611B312BA8007CE62E /* Main.storyboard */ = {
			isa = PBXVariantGroup;
			children = (
				65339A621B312BA8007CE62E /* Base */,
			);
			name = Main.storyboard;
			sourceTree = "<group>";
		};
		65339A661B312BA8007CE62E /* LaunchScreen.xib */ = {
			isa = PBXVariantGroup;
			children = (
				65339A671B312BA8007CE62E /* Base */,
			);
			name = LaunchScreen.xib;
			sourceTree = "<group>";
		};
/* End PBXVariantGroup section */

/* Begin XCBuildConfiguration section */
		65339A751B312BA8007CE62E /* Debug */ = {
			isa = XCBuildConfiguration;
			buildSettings = {
				ALWAYS_SEARCH_USER_PATHS = NO;
				CLANG_CXX_LANGUAGE_STANDARD = "gnu++0x";
				CLANG_CXX_LIBRARY = "libc++";
				CLANG_ENABLE_MODULES = YES;
				CLANG_ENABLE_OBJC_ARC = YES;
				CLANG_WARN_BOOL_CONVERSION = YES;
				CLANG_WARN_CONSTANT_CONVERSION = YES;
				CLANG_WARN_DIRECT_OBJC_ISA_USAGE = YES_ERROR;
				CLANG_WARN_EMPTY_BODY = YES;
				CLANG_WARN_ENUM_CONVERSION = YES;
				CLANG_WARN_INT_CONVERSION = YES;
				CLANG_WARN_OBJC_ROOT_CLASS = YES_ERROR;
				CLANG_WARN_UNREACHABLE_CODE = YES;
				CLANG_WARN__DUPLICATE_METHOD_MATCH = YES;
				"CODE_SIGN_IDENTITY[sdk=iphoneos*]" = "iPhone Developer";
				COPY_PHASE_STRIP = NO;
				DEBUG_INFORMATION_FORMAT = "dwarf-with-dsym";
				ENABLE_STRICT_OBJC_MSGSEND = YES;
				GCC_C_LANGUAGE_STANDARD = gnu99;
				GCC_DYNAMIC_NO_PIC = NO;
				GCC_NO_COMMON_BLOCKS = YES;
				GCC_OPTIMIZATION_LEVEL = 0;
				GCC_PREPROCESSOR_DEFINITIONS = (
					"DEBUG=1",
					"$(inherited)",
				);
				GCC_SYMBOLS_PRIVATE_EXTERN = NO;
				GCC_WARN_64_TO_32_BIT_CONVERSION = YES;
				GCC_WARN_ABOUT_RETURN_TYPE = YES_ERROR;
				GCC_WARN_UNDECLARED_SELECTOR = YES;
				GCC_WARN_UNINITIALIZED_AUTOS = YES_AGGRESSIVE;
				GCC_WARN_UNUSED_FUNCTION = YES;
				GCC_WARN_UNUSED_VARIABLE = YES;
				IPHONEOS_DEPLOYMENT_TARGET = 8.3;
				MTL_ENABLE_DEBUG_INFO = YES;
				ONLY_ACTIVE_ARCH = YES;
				SDKROOT = iphoneos;
			};
			name = Debug;
		};
		65339A761B312BA8007CE62E /* Release */ = {
			isa = XCBuildConfiguration;
			buildSettings = {
				ALWAYS_SEARCH_USER_PATHS = NO;
				CLANG_CXX_LANGUAGE_STANDARD = "gnu++0x";
				CLANG_CXX_LIBRARY = "libc++";
				CLANG_ENABLE_MODULES = YES;
				CLANG_ENABLE_OBJC_ARC = YES;
				CLANG_WARN_BOOL_CONVERSION = YES;
				CLANG_WARN_CONSTANT_CONVERSION = YES;
				CLANG_WARN_DIRECT_OBJC_ISA_USAGE = YES_ERROR;
				CLANG_WARN_EMPTY_BODY = YES;
				CLANG_WARN_ENUM_CONVERSION = YES;
				CLANG_WARN_INT_CONVERSION = YES;
				CLANG_WARN_OBJC_ROOT_CLASS = YES_ERROR;
				CLANG_WARN_UNREACHABLE_CODE = YES;
				CLANG_WARN__DUPLICATE_METHOD_MATCH = YES;
				"CODE_SIGN_IDENTITY[sdk=iphoneos*]" = "iPhone Developer";
				COPY_PHASE_STRIP = NO;
				DEBUG_INFORMATION_FORMAT = "dwarf-with-dsym";
				ENABLE_NS_ASSERTIONS = NO;
				ENABLE_STRICT_OBJC_MSGSEND = YES;
				GCC_C_LANGUAGE_STANDARD = gnu99;
				GCC_NO_COMMON_BLOCKS = YES;
				GCC_WARN_64_TO_32_BIT_CONVERSION = YES;
				GCC_WARN_ABOUT_RETURN_TYPE = YES_ERROR;
				GCC_WARN_UNDECLARED_SELECTOR = YES;
				GCC_WARN_UNINITIALIZED_AUTOS = YES_AGGRESSIVE;
				GCC_WARN_UNUSED_FUNCTION = YES;
				GCC_WARN_UNUSED_VARIABLE = YES;
				IPHONEOS_DEPLOYMENT_TARGET = 8.3;
				MTL_ENABLE_DEBUG_INFO = NO;
				SDKROOT = iphoneos;
				VALIDATE_PRODUCT = YES;
			};
			name = Release;
		};
		65339A781B312BA8007CE62E /* Debug */ = {
			isa = XCBuildConfiguration;
			buildSettings = {
				ASSETCATALOG_COMPILER_APPICON_NAME = AppIcon;
				INFOPLIST_FILE = "Day 4 Photo Bombers App/Info.plist";
				LD_RUNPATH_SEARCH_PATHS = "$(inherited) @executable_path/Frameworks";
				PRODUCT_NAME = "$(TARGET_NAME)";
			};
			name = Debug;
		};
		65339A791B312BA8007CE62E /* Release */ = {
			isa = XCBuildConfiguration;
			buildSettings = {
				ASSETCATALOG_COMPILER_APPICON_NAME = AppIcon;
				INFOPLIST_FILE = "Day 4 Photo Bombers App/Info.plist";
				LD_RUNPATH_SEARCH_PATHS = "$(inherited) @executable_path/Frameworks";
				PRODUCT_NAME = "$(TARGET_NAME)";
			};
			name = Release;
		};
		65339A7B1B312BA8007CE62E /* Debug */ = {
			isa = XCBuildConfiguration;
			buildSettings = {
				BUNDLE_LOADER = "$(TEST_HOST)";
				FRAMEWORK_SEARCH_PATHS = (
					"$(SDKROOT)/Developer/Library/Frameworks",
					"$(inherited)",
				);
				GCC_PREPROCESSOR_DEFINITIONS = (
					"DEBUG=1",
					"$(inherited)",
				);
				INFOPLIST_FILE = "Day 4 Photo Bombers AppTests/Info.plist";
				LD_RUNPATH_SEARCH_PATHS = "$(inherited) @executable_path/Frameworks @loader_path/Frameworks";
				PRODUCT_NAME = "$(TARGET_NAME)";
				TEST_HOST = "$(BUILT_PRODUCTS_DIR)/Day 4 Photo Bombers App.app/Day 4 Photo Bombers App";
			};
			name = Debug;
		};
		65339A7C1B312BA8007CE62E /* Release */ = {
			isa = XCBuildConfiguration;
			buildSettings = {
				BUNDLE_LOADER = "$(TEST_HOST)";
				FRAMEWORK_SEARCH_PATHS = (
					"$(SDKROOT)/Developer/Library/Frameworks",
					"$(inherited)",
				);
				INFOPLIST_FILE = "Day 4 Photo Bombers AppTests/Info.plist";
				LD_RUNPATH_SEARCH_PATHS = "$(inherited) @executable_path/Frameworks @loader_path/Frameworks";
				PRODUCT_NAME = "$(TARGET_NAME)";
				TEST_HOST = "$(BUILT_PRODUCTS_DIR)/Day 4 Photo Bombers App.app/Day 4 Photo Bombers App";
			};
			name = Release;
		};
/* End XCBuildConfiguration section */

/* Begin XCConfigurationList section */
		65339A4C1B312BA8007CE62E /* Build configuration list for PBXProject "Day 4 Photo Bombers App" */ = {
			isa = XCConfigurationList;
			buildConfigurations = (
				65339A751B312BA8007CE62E /* Debug */,
				65339A761B312BA8007CE62E /* Release */,
			);
			defaultConfigurationIsVisible = 0;
			defaultConfigurationName = Release;
		};
		65339A771B312BA8007CE62E /* Build configuration list for PBXNativeTarget "Day 4 Photo Bombers App" */ = {
			isa = XCConfigurationList;
			buildConfigurations = (
				65339A781B312BA8007CE62E /* Debug */,
				65339A791B312BA8007CE62E /* Release */,
			);
			defaultConfigurationIsVisible = 0;
		};
		65339A7A1B312BA8007CE62E /* Build configuration list for PBXNativeTarget "Day 4 Photo Bombers AppTests" */ = {
			isa = XCConfigurationList;
			buildConfigurations = (
				65339A7B1B312BA8007CE62E /* Debug */,
				65339A7C1B312BA8007CE62E /* Release */,
			);
			defaultConfigurationIsVisible = 0;
		};
/* End XCConfigurationList section */

/* Begin XCVersionGroup section */
		65339A5B1B312BA8007CE62E /* Day_4_Photo_Bombers_App.xcdatamodeld */ = {
			isa = XCVersionGroup;
			children = (
				65339A5C1B312BA8007CE62E /* Day_4_Photo_Bombers_App.xcdatamodel */,
			);
			currentVersion = 65339A5C1B312BA8007CE62E /* Day_4_Photo_Bombers_App.xcdatamodel */;
			path = Day_4_Photo_Bombers_App.xcdatamodeld;
			sourceTree = "<group>";
			versionGroupType = wrapper.xcdatamodel;
		};
/* End XCVersionGroup section */
	};
	rootObject = 65339A491B312BA8007CE62E /* Project object */;
}
